
Microsoft Visual Studio Solution File, Format Version 12.00
# Visual Studio Version 17
VisualStudioVersion = 17.10.35122.118
MinimumVisualStudioVersion = 10.0.40219.1
Project("{8BC9CEB8-8B4A-11D0-8D11-00A0C91BC942}") = "rpg dark force modified", "rpg dark force modified\rpg dark force modified.vcxproj", "{78F8811C-23CC-43C0-BEBA-3870AE48D99C}"
EndProject
Global
	GlobalSection(SolutionConfigurationPlatforms) = preSolution
		Debug|x64 = Debug|x64
		Debug|x86 = Debug|x86
		Release|x64 = Release|x64
		Release|x86 = Release|x86
	EndGlobalSection
	GlobalSection(ProjectConfigurationPlatforms) = postSolution
		{78F8811C-23CC-43C0-BEBA-3870AE48D99C}.Debug|x64.ActiveCfg = Debug|x64
		{78F8811C-23CC-43C0-BEBA-3870AE48D99C}.Debug|x64.Build.0 = Debug|x64
		{78F8811C-23CC-43C0-BEBA-3870AE48D99C}.Debug|x86.ActiveCfg = Debug|Win32
		{78F8811C-23CC-43C0-BEBA-3870AE48D99C}.Debug|x86.Build.0 = Debug|Win32
		{78F8811C-23CC-43C0-BEBA-3870AE48D99C}.Release|x64.ActiveCfg = Release|x64
		{78F8811C-23CC-43C0-BEBA-3870AE48D99C}.Release|x64.Build.0 = Release|x64
		{78F8811C-23CC-43C0-BEBA-3870AE48D99C}.Release|x86.ActiveCfg = Release|Win32
		{78F8811C-23CC-43C0-BEBA-3870AE48D99C}.Release|x86.Build.0 = Release|Win32
	EndGlobalSection
	GlobalSection(SolutionProperties) = preSolution
		HideSolutionNode = FALSE
	EndGlobalSection
	GlobalSection(ExtensibilityGlobals) = postSolution
		SolutionGuid = {32F82DAF-6C3C-4C60-96ED-F1FE4868B27B}
	EndGlobalSection
EndGlobal
